{
  "name": "@flaim/worker-shared",
  "version": "1.0.0",
  "lockfileVersion": 3,
  "requires": true,
  "packages": {
    "": {
      "name": "@flaim/worker-shared",
      "version": "1.0.0",
      "devDependencies": {
        "@cloudflare/workers-types": "^4.20241218.0",
        "typescript": "^5.7.2"
      }
    },
    "node_modules/@cloudflare/workers-types": {
      "version": "4.20260115.0",
      "resolved": "https://registry.npmjs.org/@cloudflare/workers-types/-/workers-types-4.20260115.0.tgz",
      "integrity": "sha512-vi68ZODh6m9fH9wdBOzDsyWgrYRIZbzZEAGGkvFn4b1FQSukxaWS8NAtSd/h9mL4gVK9hG8FEYq/jipdOo4RJg==",
      "dev": true,
      "license": "MIT OR Apache-2.0"
    },
    "node_modules/typescript": {
      "version": "5.9.3",
      "resolved": "https://registry.npmjs.org/typescript/-/typescript-5.9.3.tgz",
      "integrity": "sha512-jl1vZzPDinLr9eUt3J/t7V6FgNEw9QjvBPdysz9KfQDD41fQrC2Y4vKQdiaUpFT4bXlb1RHhLpp8wtm6M5TgSw==",
      "dev": true,
      "license": "Apache-2.0",
      "bin": {
        "tsc": "bin/tsc",
        "tsserver": "bin/tsserver"
      },
      "engines": {
        "node": ">=14.17"
      }
    }
  }
}
